
Microsoft Visual Studio Solution File, Format Version 12.00
# Visual Studio Version 17
VisualStudioVersion = 17.12.35527.113
MinimumVisualStudioVersion = 10.0.40219.1
Project("{FAE04EC0-301F-11D3-BF4B-00C04F79EFBC}") = "S6-ASPSEC-01", "S6-ASPSEC-01\S6-ASPSEC-01.csproj", "{FCACD31D-9689-4753-ACC5-464145EC880F}"
EndProject
Project("{FAE04EC0-301F-11D3-BF4B-00C04F79EFBC}") = "UnitTests", "UnitTests\UnitTests.csproj", "{076E95E1-4406-4FED-9EC7-3898AB39AB56}"
	ProjectSection(ProjectDependencies) = postProject
		{FCACD31D-9689-4753-ACC5-464145EC880F} = {FCACD31D-9689-4753-ACC5-464145EC880F}
	EndProjectSection
EndProject
Project("{FAE04EC0-301F-11D3-BF4B-00C04F79EFBC}") = "S6-ASPSEC-02", "S6-ASPSEC-02\S6-ASPSEC-02.csproj", "{593B754A-675A-4735-9095-F3E87D7D5513}"
EndProject
Project("{FAE04EC0-301F-11D3-BF4B-00C04F79EFBC}") = "S6-ASPSEC-03", "S6-ASPSEC-03\S6-ASPSEC-03.csproj", "{3EA336C5-F47C-4553-8024-124CF8F54A9D}"
EndProject
Project("{FAE04EC0-301F-11D3-BF4B-00C04F79EFBC}") = "S6-CSHARP-01", "S6-CSHARP-01\S6-CSHARP-01.csproj", "{A1598AA3-3BBC-4408-8B43-7DE5CC7571ED}"
EndProject
Global
	GlobalSection(SolutionConfigurationPlatforms) = preSolution
		Debug|Any CPU = Debug|Any CPU
		Release|Any CPU = Release|Any CPU
	EndGlobalSection
	GlobalSection(ProjectConfigurationPlatforms) = postSolution
		{FCACD31D-9689-4753-ACC5-464145EC880F}.Debug|Any CPU.ActiveCfg = Debug|Any CPU
		{FCACD31D-9689-4753-ACC5-464145EC880F}.Debug|Any CPU.Build.0 = Debug|Any CPU
		{FCACD31D-9689-4753-ACC5-464145EC880F}.Release|Any CPU.ActiveCfg = Release|Any CPU
		{FCACD31D-9689-4753-ACC5-464145EC880F}.Release|Any CPU.Build.0 = Release|Any CPU
		{076E95E1-4406-4FED-9EC7-3898AB39AB56}.Debug|Any CPU.ActiveCfg = Debug|Any CPU
		{076E95E1-4406-4FED-9EC7-3898AB39AB56}.Debug|Any CPU.Build.0 = Debug|Any CPU
		{076E95E1-4406-4FED-9EC7-3898AB39AB56}.Release|Any CPU.ActiveCfg = Release|Any CPU
		{076E95E1-4406-4FED-9EC7-3898AB39AB56}.Release|Any CPU.Build.0 = Release|Any CPU
		{593B754A-675A-4735-9095-F3E87D7D5513}.Debug|Any CPU.ActiveCfg = Debug|Any CPU
		{593B754A-675A-4735-9095-F3E87D7D5513}.Debug|Any CPU.Build.0 = Debug|Any CPU
		{593B754A-675A-4735-9095-F3E87D7D5513}.Release|Any CPU.ActiveCfg = Release|Any CPU
		{593B754A-675A-4735-9095-F3E87D7D5513}.Release|Any CPU.Build.0 = Release|Any CPU
		{3EA336C5-F47C-4553-8024-124CF8F54A9D}.Debug|Any CPU.ActiveCfg = Debug|Any CPU
		{3EA336C5-F47C-4553-8024-124CF8F54A9D}.Debug|Any CPU.Build.0 = Debug|Any CPU
		{3EA336C5-F47C-4553-8024-124CF8F54A9D}.Release|Any CPU.ActiveCfg = Release|Any CPU
		{3EA336C5-F47C-4553-8024-124CF8F54A9D}.Release|Any CPU.Build.0 = Release|Any CPU
		{A1598AA3-3BBC-4408-8B43-7DE5CC7571ED}.Debug|Any CPU.ActiveCfg = Debug|Any CPU
		{A1598AA3-3BBC-4408-8B43-7DE5CC7571ED}.Debug|Any CPU.Build.0 = Debug|Any CPU
		{A1598AA3-3BBC-4408-8B43-7DE5CC7571ED}.Release|Any CPU.ActiveCfg = Release|Any CPU
		{A1598AA3-3BBC-4408-8B43-7DE5CC7571ED}.Release|Any CPU.Build.0 = Release|Any CPU
	EndGlobalSection
	GlobalSection(SolutionProperties) = preSolution
		HideSolutionNode = FALSE
	EndGlobalSection
EndGlobal
